
Microsoft Visual Studio Solution File, Format Version 12.00
Project("{FAE04EC0-301F-11D3-BF4B-00C04F79EFBC}") = "MVCGamersApp", "MVCGamersApp\MVCGamersApp.csproj", "{91E04161-7CF1-4722-91E6-1751F9488D6F}"
EndProject
Global
	GlobalSection(SolutionConfigurationPlatforms) = preSolution
		Debug|Any CPU = Debug|Any CPU
		Release|Any CPU = Release|Any CPU
	EndGlobalSection
	GlobalSection(ProjectConfigurationPlatforms) = postSolution
		{91E04161-7CF1-4722-91E6-1751F9488D6F}.Debug|Any CPU.ActiveCfg = Debug|Any CPU
		{91E04161-7CF1-4722-91E6-1751F9488D6F}.Debug|Any CPU.Build.0 = Debug|Any CPU
		{91E04161-7CF1-4722-91E6-1751F9488D6F}.Release|Any CPU.ActiveCfg = Release|Any CPU
		{91E04161-7CF1-4722-91E6-1751F9488D6F}.Release|Any CPU.Build.0 = Release|Any CPU
	EndGlobalSection
EndGlobal
